
Microsoft Visual Studio Solution File, Format Version 12.00
# Visual Studio Version 17
VisualStudioVersion = 17.4.33122.133
MinimumVisualStudioVersion = 10.0.40219.1
Project("{FAE04EC0-301F-11D3-BF4B-00C04F79EFBC}") = "ViewBagTempDataSessionCookies", "ViewBagTempDataSessionCookies\ViewBagTempDataSessionCookies.csproj", "{0C2914A8-5A8D-4AFB-B319-D718A5B8C0BF}"
EndProject
Global
	GlobalSection(SolutionConfigurationPlatforms) = preSolution
		Debug|Any CPU = Debug|Any CPU
		Release|Any CPU = Release|Any CPU
	EndGlobalSection
	GlobalSection(ProjectConfigurationPlatforms) = postSolution
		{0C2914A8-5A8D-4AFB-B319-D718A5B8C0BF}.Debug|Any CPU.ActiveCfg = Debug|Any CPU
		{0C2914A8-5A8D-4AFB-B319-D718A5B8C0BF}.Debug|Any CPU.Build.0 = Debug|Any CPU
		{0C2914A8-5A8D-4AFB-B319-D718A5B8C0BF}.Release|Any CPU.ActiveCfg = Release|Any CPU
		{0C2914A8-5A8D-4AFB-B319-D718A5B8C0BF}.Release|Any CPU.Build.0 = Release|Any CPU
	EndGlobalSection
	GlobalSection(SolutionProperties) = preSolution
		HideSolutionNode = FALSE
	EndGlobalSection
	GlobalSection(ExtensibilityGlobals) = postSolution
		SolutionGuid = {7D4F591A-499E-4812-805E-5ED9180696ED}
	EndGlobalSection
EndGlobal
